<?xml version="1.0" encoding="utf-8"?>
<Project ToolsVersion="4.0" xmlns="http://schemas.microsoft.com/developer/msbuild/2003">
  <ItemGroup>
    <Filter Include="Source Files">
      <UniqueIdentifier>{4FC737F1-C7A5-4376-A066-2A32D752A2FF}</UniqueIdentifier>
      <Extensions>cpp;c;cc;cxx;def;odl;idl;hpj;bat;asm;asmx</Extensions>
    </Filter>
    <Filter Include="Header Files">
      <UniqueIdentifier>{93995380-89BD-4b04-88EB-625FBE52EBFB}</UniqueIdentifier>
      <Extensions>h;hh;hpp;hxx;hm;inl;inc;xsd</Extensions>
    </Filter>
    <Filter Include="Resource Files">
      <UniqueIdentifier>{67DA6AB6-F800-4c08-8B7A-83BB121AAD01}</UniqueIdentifier>
      <Extensions>rc;ico;cur;bmp;dlg;rc2;rct;bin;rgs;gif;jpg;jpeg;jpe;resx;tiff;tif;png;wav;mfcribbon-ms</Extensions>
    </Filter>
  </ItemGroup>
  <ItemGroup>
    <None Include="GPRS_Weather_Station.ino" />
  </ItemGroup>
  <ItemGroup>
    <ClInclude Include="__vm\.GPRS_Weather_Station.vsarduino.h">
      <Filter>Header Files</Filter>
    </ClInclude>
    <ClInclude Include="AT24C1024.h">
      <Filter>Header Files</Filter>
    </ClInclude>
    <ClInclude Include="BCD_CON.h">
      <Filter>Header Files</Filter>
    </ClInclude>
    <ClInclude Include="board_config.h">
      <Filter>Header Files</Filter>
    </ClInclude>
    <ClInclude Include="data_transmit.h">
      <Filter>Header Files</Filter>
    </ClInclude>
    <ClInclude Include="EDB.h">
      <Filter>Header Files</Filter>
    </ClInclude>
    <ClInclude Include="GPSData.h">
      <Filter>Header Files</Filter>
    </ClInclude>
    <ClInclude Include="memory.h">
      <Filter>Header Files</Filter>
    </ClInclude>
    <ClInclude Include="MODBUS_RTU_CRC16.h">
      <Filter>Header Files</Filter>
    </ClInclude>
    <ClInclude Include="Periph.h">
      <Filter>Header Files</Filter>
    </ClInclude>
    <ClInclude Include="private_delay.h">
      <Filter>Header Files</Filter>
    </ClInclude>
    <ClInclude Include="Private_RTC.h">
      <Filter>Header Files</Filter>
    </ClInclude>
    <ClInclude Include="Private_Sensor.h">
      <Filter>Header Files</Filter>
    </ClInclude>
    <ClInclude Include="SoftwareI2C.h">
      <Filter>Header Files</Filter>
    </ClInclude>
    <ClInclude Include="User_Clock.h">
      <Filter>Header Files</Filter>
    </ClInclude>
    <ClInclude Include="User_CRC8.h">
      <Filter>Header Files</Filter>
    </ClInclude>
    <ClInclude Include="GSM\TinyGsmClient.h">
      <Filter>Header Files</Filter>
    </ClInclude>
    <ClInclude Include="GSM\TinyGsmClientA6.h">
      <Filter>Header Files</Filter>
    </ClInclude>
    <ClInclude Include="GSM\TinyGsmClientESP8266.h">
      <Filter>Header Files</Filter>
    </ClInclude>
    <ClInclude Include="GSM\TinyGsmClientM590.h">
      <Filter>Header Files</Filter>
    </ClInclude>
    <ClInclude Include="GSM\TinyGsmClientSIM800.h">
      <Filter>Header Files</Filter>
    </ClInclude>
    <ClInclude Include="GSM\TinyGsmCommon.h">
      <Filter>Header Files</Filter>
    </ClInclude>
    <ClInclude Include="GSM\TinyGsmFifo.h">
      <Filter>Header Files</Filter>
    </ClInclude>
  </ItemGroup>
  <ItemGroup>
    <ClCompile Include="AT24C1024.cpp">
      <Filter>Source Files</Filter>
    </ClCompile>
    <ClCompile Include="BCD_CON.cpp">
      <Filter>Source Files</Filter>
    </ClCompile>
    <ClCompile Include="data_transmit.cpp">
      <Filter>Source Files</Filter>
    </ClCompile>
    <ClCompile Include="EDB.cpp">
      <Filter>Source Files</Filter>
    </ClCompile>
    <ClCompile Include="GPSData.cpp">
      <Filter>Source Files</Filter>
    </ClCompile>
    <ClCompile Include="memory.cpp">
      <Filter>Source Files</Filter>
    </ClCompile>
    <ClCompile Include="MODBUS_RTU_CRC16.cpp">
      <Filter>Source Files</Filter>
    </ClCompile>
    <ClCompile Include="Periph.cpp">
      <Filter>Source Files</Filter>
    </ClCompile>
    <ClCompile Include="private_delay.cpp">
      <Filter>Source Files</Filter>
    </ClCompile>
    <ClCompile Include="Private_RTC.cpp">
      <Filter>Source Files</Filter>
    </ClCompile>
    <ClCompile Include="Private_Sensor.cpp">
      <Filter>Source Files</Filter>
    </ClCompile>
    <ClCompile Include="SoftwareI2C.cpp">
      <Filter>Source Files</Filter>
    </ClCompile>
    <ClCompile Include="User_Clock.c">
      <Filter>Source Files</Filter>
    </ClCompile>
    <ClCompile Include="User_CRC8.cpp">
      <Filter>Source Files</Filter>
    </ClCompile>
  </ItemGroup>
</Project>